gitee.com/MM-Q/colorlib v1.1.7 h1:g0KWdRucqJ9JCH2ZoE9s4VOf3zDiJO2U1cbtmeKjjxY=
gitee.com/MM-Q/colorlib v1.1.7/go.mod h1:k7AxDD3mOIFVdGRqLqz3jYOGRC2vV7QVjnZWpt/J3Ds=
gitee.com/MM-Q/verman v0.0.8 h1:1QefY1bvhSzkC4HsNpypE/kukbVNbD5L/rnVNOYKCF4=
gitee.com/MM-Q/verman v0.0.8/go.mod h1:sJaGRO3zat1r9e6qu8mcwlJDI5IvFBFBG5NqgCwa6m0=
